
Microsoft Visual Studio Solution File, Format Version 12.00
# Visual Studio Version 17
VisualStudioVersion = 17.0.31903.59
MinimumVisualStudioVersion = 10.0.40219.1
Project("{2150E333-8FDC-42A3-9474-1A3956D46DE8}") = "packages", "packages", "{809F86A1-1C4C-B159-0CD4-DF9D33D876CE}"
EndProject
Project("{2150E333-8FDC-42A3-9474-1A3956D46DE8}") = "shared", "shared", "{0B9EBCF0-F885-B560-3342-0799890CCD7B}"
EndProject
Project("{FAE04EC0-301F-11D3-BF4B-00C04F79EFBC}") = "Shared", "packages\shared\Shared.csproj", "{0DC204EB-3FD1-4A5E-A092-14C9490B3F38}"
EndProject
Project("{2150E333-8FDC-42A3-9474-1A3956D46DE8}") = "services", "services", "{5854FF58-B8C5-05C6-5BF2-ACE42193F22B}"
EndProject
Project("{2150E333-8FDC-42A3-9474-1A3956D46DE8}") = "jira-service", "jira-service", "{BA3A928D-9D22-64F6-1D79-AD7F09387C14}"
EndProject
Project("{FAE04EC0-301F-11D3-BF4B-00C04F79EFBC}") = "JiraService", "services\jira-service\JiraService.csproj", "{D6755ED3-0634-4EAC-90DC-ADE3BAE79B26}"
EndProject
Project("{2150E333-8FDC-42A3-9474-1A3956D46DE8}") = "github-service", "github-service", "{C31F2093-A1BD-DD51-EB7F-58A93D73EECC}"
EndProject
Project("{FAE04EC0-301F-11D3-BF4B-00C04F79EFBC}") = "GithubService", "services\github-service\GithubService.csproj", "{0E7CA537-815F-45A2-9F3A-F0A836FE7E54}"
EndProject
Project("{2150E333-8FDC-42A3-9474-1A3956D46DE8}") = "integration", "integration", "{F3D8DDDD-2222-5FCA-E375-CFC992EBED73}"
EndProject
Project("{FAE04EC0-301F-11D3-BF4B-00C04F79EFBC}") = "IntegrationService", "services\integration\IntegrationService.csproj", "{B7C2E1C6-960C-4372-AA7D-1AF1EFE107C2}"
EndProject
Project("{2150E333-8FDC-42A3-9474-1A3956D46DE8}") = "tests", "tests", "{0AB3BF05-4346-4AA6-1389-037BE0695223}"
EndProject
Project("{FAE04EC0-301F-11D3-BF4B-00C04F79EFBC}") = "IntegrationService.Tests", "tests\IntegrationService.Tests\IntegrationService.Tests.csproj", "{10D7BD5B-8D78-4D77-B408-F47EA107BC36}"
EndProject
Project("{FAE04EC0-301F-11D3-BF4B-00C04F79EFBC}") = "Shared.Tests", "tests\Shared.Tests\Shared.Tests.csproj", "{C2AACA48-A9A6-4536-BEE5-21719431520E}"
EndProject
Global
	GlobalSection(SolutionConfigurationPlatforms) = preSolution
		Debug|Any CPU = Debug|Any CPU
		Debug|x64 = Debug|x64
		Debug|x86 = Debug|x86
		Release|Any CPU = Release|Any CPU
		Release|x64 = Release|x64
		Release|x86 = Release|x86
	EndGlobalSection
	GlobalSection(ProjectConfigurationPlatforms) = postSolution
		{0DC204EB-3FD1-4A5E-A092-14C9490B3F38}.Debug|Any CPU.ActiveCfg = Debug|Any CPU
		{0DC204EB-3FD1-4A5E-A092-14C9490B3F38}.Debug|Any CPU.Build.0 = Debug|Any CPU
		{0DC204EB-3FD1-4A5E-A092-14C9490B3F38}.Debug|x64.ActiveCfg = Debug|Any CPU
		{0DC204EB-3FD1-4A5E-A092-14C9490B3F38}.Debug|x64.Build.0 = Debug|Any CPU
		{0DC204EB-3FD1-4A5E-A092-14C9490B3F38}.Debug|x86.ActiveCfg = Debug|Any CPU
		{0DC204EB-3FD1-4A5E-A092-14C9490B3F38}.Debug|x86.Build.0 = Debug|Any CPU
		{0DC204EB-3FD1-4A5E-A092-14C9490B3F38}.Release|Any CPU.ActiveCfg = Release|Any CPU
		{0DC204EB-3FD1-4A5E-A092-14C9490B3F38}.Release|Any CPU.Build.0 = Release|Any CPU
		{0DC204EB-3FD1-4A5E-A092-14C9490B3F38}.Release|x64.ActiveCfg = Release|Any CPU
		{0DC204EB-3FD1-4A5E-A092-14C9490B3F38}.Release|x64.Build.0 = Release|Any CPU
		{0DC204EB-3FD1-4A5E-A092-14C9490B3F38}.Release|x86.ActiveCfg = Release|Any CPU
		{0DC204EB-3FD1-4A5E-A092-14C9490B3F38}.Release|x86.Build.0 = Release|Any CPU
		{D6755ED3-0634-4EAC-90DC-ADE3BAE79B26}.Debug|Any CPU.ActiveCfg = Debug|Any CPU
		{D6755ED3-0634-4EAC-90DC-ADE3BAE79B26}.Debug|Any CPU.Build.0 = Debug|Any CPU
		{D6755ED3-0634-4EAC-90DC-ADE3BAE79B26}.Debug|x64.ActiveCfg = Debug|Any CPU
		{D6755ED3-0634-4EAC-90DC-ADE3BAE79B26}.Debug|x64.Build.0 = Debug|Any CPU
		{D6755ED3-0634-4EAC-90DC-ADE3BAE79B26}.Debug|x86.ActiveCfg = Debug|Any CPU
		{D6755ED3-0634-4EAC-90DC-ADE3BAE79B26}.Debug|x86.Build.0 = Debug|Any CPU
		{D6755ED3-0634-4EAC-90DC-ADE3BAE79B26}.Release|Any CPU.ActiveCfg = Release|Any CPU
		{D6755ED3-0634-4EAC-90DC-ADE3BAE79B26}.Release|Any CPU.Build.0 = Release|Any CPU
		{D6755ED3-0634-4EAC-90DC-ADE3BAE79B26}.Release|x64.ActiveCfg = Release|Any CPU
		{D6755ED3-0634-4EAC-90DC-ADE3BAE79B26}.Release|x64.Build.0 = Release|Any CPU
		{D6755ED3-0634-4EAC-90DC-ADE3BAE79B26}.Release|x86.ActiveCfg = Release|Any CPU
		{D6755ED3-0634-4EAC-90DC-ADE3BAE79B26}.Release|x86.Build.0 = Release|Any CPU
		{0E7CA537-815F-45A2-9F3A-F0A836FE7E54}.Debug|Any CPU.ActiveCfg = Debug|Any CPU
		{0E7CA537-815F-45A2-9F3A-F0A836FE7E54}.Debug|Any CPU.Build.0 = Debug|Any CPU
		{0E7CA537-815F-45A2-9F3A-F0A836FE7E54}.Debug|x64.ActiveCfg = Debug|Any CPU
		{0E7CA537-815F-45A2-9F3A-F0A836FE7E54}.Debug|x64.Build.0 = Debug|Any CPU
		{0E7CA537-815F-45A2-9F3A-F0A836FE7E54}.Debug|x86.ActiveCfg = Debug|Any CPU
		{0E7CA537-815F-45A2-9F3A-F0A836FE7E54}.Debug|x86.Build.0 = Debug|Any CPU
		{0E7CA537-815F-45A2-9F3A-F0A836FE7E54}.Release|Any CPU.ActiveCfg = Release|Any CPU
		{0E7CA537-815F-45A2-9F3A-F0A836FE7E54}.Release|Any CPU.Build.0 = Release|Any CPU
		{0E7CA537-815F-45A2-9F3A-F0A836FE7E54}.Release|x64.ActiveCfg = Release|Any CPU
		{0E7CA537-815F-45A2-9F3A-F0A836FE7E54}.Release|x64.Build.0 = Release|Any CPU
		{0E7CA537-815F-45A2-9F3A-F0A836FE7E54}.Release|x86.ActiveCfg = Release|Any CPU
		{0E7CA537-815F-45A2-9F3A-F0A836FE7E54}.Release|x86.Build.0 = Release|Any CPU
		{B7C2E1C6-960C-4372-AA7D-1AF1EFE107C2}.Debug|Any CPU.ActiveCfg = Debug|Any CPU
		{B7C2E1C6-960C-4372-AA7D-1AF1EFE107C2}.Debug|Any CPU.Build.0 = Debug|Any CPU
		{B7C2E1C6-960C-4372-AA7D-1AF1EFE107C2}.Debug|x64.ActiveCfg = Debug|Any CPU
		{B7C2E1C6-960C-4372-AA7D-1AF1EFE107C2}.Debug|x64.Build.0 = Debug|Any CPU
		{B7C2E1C6-960C-4372-AA7D-1AF1EFE107C2}.Debug|x86.ActiveCfg = Debug|Any CPU
		{B7C2E1C6-960C-4372-AA7D-1AF1EFE107C2}.Debug|x86.Build.0 = Debug|Any CPU
		{B7C2E1C6-960C-4372-AA7D-1AF1EFE107C2}.Release|Any CPU.ActiveCfg = Release|Any CPU
		{B7C2E1C6-960C-4372-AA7D-1AF1EFE107C2}.Release|Any CPU.Build.0 = Release|Any CPU
		{B7C2E1C6-960C-4372-AA7D-1AF1EFE107C2}.Release|x64.ActiveCfg = Release|Any CPU
		{B7C2E1C6-960C-4372-AA7D-1AF1EFE107C2}.Release|x64.Build.0 = Release|Any CPU
		{B7C2E1C6-960C-4372-AA7D-1AF1EFE107C2}.Release|x86.ActiveCfg = Release|Any CPU
		{B7C2E1C6-960C-4372-AA7D-1AF1EFE107C2}.Release|x86.Build.0 = Release|Any CPU
		{10D7BD5B-8D78-4D77-B408-F47EA107BC36}.Debug|Any CPU.ActiveCfg = Debug|Any CPU
		{10D7BD5B-8D78-4D77-B408-F47EA107BC36}.Debug|Any CPU.Build.0 = Debug|Any CPU
		{10D7BD5B-8D78-4D77-B408-F47EA107BC36}.Debug|x64.ActiveCfg = Debug|Any CPU
		{10D7BD5B-8D78-4D77-B408-F47EA107BC36}.Debug|x64.Build.0 = Debug|Any CPU
		{10D7BD5B-8D78-4D77-B408-F47EA107BC36}.Debug|x86.ActiveCfg = Debug|Any CPU
		{10D7BD5B-8D78-4D77-B408-F47EA107BC36}.Debug|x86.Build.0 = Debug|Any CPU
		{10D7BD5B-8D78-4D77-B408-F47EA107BC36}.Release|Any CPU.ActiveCfg = Release|Any CPU
		{10D7BD5B-8D78-4D77-B408-F47EA107BC36}.Release|Any CPU.Build.0 = Release|Any CPU
		{10D7BD5B-8D78-4D77-B408-F47EA107BC36}.Release|x64.ActiveCfg = Release|Any CPU
		{10D7BD5B-8D78-4D77-B408-F47EA107BC36}.Release|x64.Build.0 = Release|Any CPU
		{10D7BD5B-8D78-4D77-B408-F47EA107BC36}.Release|x86.ActiveCfg = Release|Any CPU
		{10D7BD5B-8D78-4D77-B408-F47EA107BC36}.Release|x86.Build.0 = Release|Any CPU
		{C2AACA48-A9A6-4536-BEE5-21719431520E}.Debug|Any CPU.ActiveCfg = Debug|Any CPU
		{C2AACA48-A9A6-4536-BEE5-21719431520E}.Debug|Any CPU.Build.0 = Debug|Any CPU
		{C2AACA48-A9A6-4536-BEE5-21719431520E}.Debug|x64.ActiveCfg = Debug|Any CPU
		{C2AACA48-A9A6-4536-BEE5-21719431520E}.Debug|x64.Build.0 = Debug|Any CPU
		{C2AACA48-A9A6-4536-BEE5-21719431520E}.Debug|x86.ActiveCfg = Debug|Any CPU
		{C2AACA48-A9A6-4536-BEE5-21719431520E}.Debug|x86.Build.0 = Debug|Any CPU
		{C2AACA48-A9A6-4536-BEE5-21719431520E}.Release|Any CPU.ActiveCfg = Release|Any CPU
		{C2AACA48-A9A6-4536-BEE5-21719431520E}.Release|Any CPU.Build.0 = Release|Any CPU
		{C2AACA48-A9A6-4536-BEE5-21719431520E}.Release|x64.ActiveCfg = Release|Any CPU
		{C2AACA48-A9A6-4536-BEE5-21719431520E}.Release|x64.Build.0 = Release|Any CPU
		{C2AACA48-A9A6-4536-BEE5-21719431520E}.Release|x86.ActiveCfg = Release|Any CPU
		{C2AACA48-A9A6-4536-BEE5-21719431520E}.Release|x86.Build.0 = Release|Any CPU
	EndGlobalSection
	GlobalSection(SolutionProperties) = preSolution
		HideSolutionNode = FALSE
	EndGlobalSection
	GlobalSection(NestedProjects) = preSolution
		{0B9EBCF0-F885-B560-3342-0799890CCD7B} = {809F86A1-1C4C-B159-0CD4-DF9D33D876CE}
		{0DC204EB-3FD1-4A5E-A092-14C9490B3F38} = {0B9EBCF0-F885-B560-3342-0799890CCD7B}
		{BA3A928D-9D22-64F6-1D79-AD7F09387C14} = {5854FF58-B8C5-05C6-5BF2-ACE42193F22B}
		{D6755ED3-0634-4EAC-90DC-ADE3BAE79B26} = {BA3A928D-9D22-64F6-1D79-AD7F09387C14}
		{C31F2093-A1BD-DD51-EB7F-58A93D73EECC} = {5854FF58-B8C5-05C6-5BF2-ACE42193F22B}
		{0E7CA537-815F-45A2-9F3A-F0A836FE7E54} = {C31F2093-A1BD-DD51-EB7F-58A93D73EECC}
		{F3D8DDDD-2222-5FCA-E375-CFC992EBED73} = {5854FF58-B8C5-05C6-5BF2-ACE42193F22B}
		{B7C2E1C6-960C-4372-AA7D-1AF1EFE107C2} = {F3D8DDDD-2222-5FCA-E375-CFC992EBED73}
		{10D7BD5B-8D78-4D77-B408-F47EA107BC36} = {0AB3BF05-4346-4AA6-1389-037BE0695223}
		{C2AACA48-A9A6-4536-BEE5-21719431520E} = {0AB3BF05-4346-4AA6-1389-037BE0695223}
	EndGlobalSection
EndGlobal
